Microsoft Visual Studio Solution File, Format Version 11.00
# Visual Studio 2008

Project("{9267B080-C429-D3D5-8142-373F20CA3A81}") = "Group16", "Assembly-CSharp.csproj", "{983F589A-F368-D043-E160-8480D2C0808C}"
EndProject
Global
	GlobalSection(SolutionConfigurationPlatforms) = preSolution
		Debug|Any CPU = Debug|Any CPU
		Release|Any CPU = Release|Any CPU
	EndGlobalSection
	GlobalSection(ProjectConfigurationPlatforms) = postSolution
		{983F589A-F368-D043-E160-8480D2C0808C}.Debug|Any CPU.ActiveCfg = Debug|Any CPU
		{983F589A-F368-D043-E160-8480D2C0808C}.Debug|Any CPU.Build.0 = Debug|Any CPU
		{983F589A-F368-D043-E160-8480D2C0808C}.Release|Any CPU.ActiveCfg = Release|Any CPU
		{983F589A-F368-D043-E160-8480D2C0808C}.Release|Any CPU.Build.0 = Release|Any CPU
	EndGlobalSection
	GlobalSection(SolutionProperties) = preSolution
		HideSolutionNode = FALSE
	EndGlobalSection
	GlobalSection(MonoDevelopProperties) = preSolution
		StartupItem = Assembly-CSharp.csproj
	EndGlobalSection
EndGlobal
